
Microsoft Visual Studio Solution File, Format Version 12.00
# Visual Studio Version 17
VisualStudioVersion = 17.10.35201.131
MinimumVisualStudioVersion = 10.0.40219.1
Project("{FAE04EC0-301F-11D3-BF4B-00C04F79EFBC}") = "MatrimonyAPI", "MatrimonyAPI\MatrimonyAPI.csproj", "{B559D806-B0F9-4F2C-B829-84A90194EF10}"
EndProject
Global
	GlobalSection(SolutionConfigurationPlatforms) = preSolution
		Debug|Any CPU = Debug|Any CPU
		Release|Any CPU = Release|Any CPU
	EndGlobalSection
	GlobalSection(ProjectConfigurationPlatforms) = postSolution
		{B559D806-B0F9-4F2C-B829-84A90194EF10}.Debug|Any CPU.ActiveCfg = Debug|Any CPU
		{B559D806-B0F9-4F2C-B829-84A90194EF10}.Debug|Any CPU.Build.0 = Debug|Any CPU
		{B559D806-B0F9-4F2C-B829-84A90194EF10}.Release|Any CPU.ActiveCfg = Release|Any CPU
		{B559D806-B0F9-4F2C-B829-84A90194EF10}.Release|Any CPU.Build.0 = Release|Any CPU
	EndGlobalSection
	GlobalSection(SolutionProperties) = preSolution
		HideSolutionNode = FALSE
	EndGlobalSection
	GlobalSection(ExtensibilityGlobals) = postSolution
		SolutionGuid = {FD336D9A-5304-4D8A-B252-0240000A3EB2}
	EndGlobalSection
EndGlobal
